
Microsoft Visual Studio Solution File, Format Version 11.00
# Visual C# Express 2010
Project("{FAE04EC0-301F-11D3-BF4B-00C04F79EFBC}") = "Direct3DLib", "Direct3DLib\Direct3DLib.csproj", "{C19EF7DF-2F9D-4D4C-965D-AD714DCBB323}"
EndProject
Project("{FAE04EC0-301F-11D3-BF4B-00C04F79EFBC}") = "Direct3DLib_Test", "Direct3DLib_Test\Direct3DLib_Test.csproj", "{47E634ED-9233-4F61-A0E9-6A710EDE9E5E}"
EndProject
Project("{FAE04EC0-301F-11D3-BF4B-00C04F79EFBC}") = "Direct3DExtensions", "Direct3DExtensions\Direct3DExtensions.csproj", "{BA863C34-E3C0-46FC-8A4D-B1D62491C980}"
EndProject
Project("{FAE04EC0-301F-11D3-BF4B-00C04F79EFBC}") = "ImageTiler", "ImageTiler\ImageTiler.csproj", "{0C922FD7-35ED-4909-BDB8-27752CAE63DB}"
EndProject
Project("{FAE04EC0-301F-11D3-BF4B-00C04F79EFBC}") = "ImageTiler_Test", "ImageTiler_Test\ImageTiler_Test.csproj", "{A588A823-1DD3-471D-AFA3-E06450206D86}"
EndProject
Project("{FAE04EC0-301F-11D3-BF4B-00C04F79EFBC}") = "Direct3DExtensions_Test", "Direct3DExtensions_Test\Direct3DExtensions_Test.csproj", "{BF43B5DB-AD03-470F-9E9F-51C598EDE1E6}"
EndProject
Global
	GlobalSection(SolutionConfigurationPlatforms) = preSolution
		Debug|Any CPU = Debug|Any CPU
		Debug|Mixed Platforms = Debug|Mixed Platforms
		Debug|x64 = Debug|x64
		Debug|x86 = Debug|x86
		Debug-4.0|Any CPU = Debug-4.0|Any CPU
		Debug-4.0|Mixed Platforms = Debug-4.0|Mixed Platforms
		Debug-4.0|x64 = Debug-4.0|x64
		Debug-4.0|x86 = Debug-4.0|x86
		Public-4.0|Any CPU = Public-4.0|Any CPU
		Public-4.0|Mixed Platforms = Public-4.0|Mixed Platforms
		Public-4.0|x64 = Public-4.0|x64
		Public-4.0|x86 = Public-4.0|x86
		Release|Any CPU = Release|Any CPU
		Release|Mixed Platforms = Release|Mixed Platforms
		Release|x64 = Release|x64
		Release|x86 = Release|x86
		Release-4.0|Any CPU = Release-4.0|Any CPU
		Release-4.0|Mixed Platforms = Release-4.0|Mixed Platforms
		Release-4.0|x64 = Release-4.0|x64
		Release-4.0|x86 = Release-4.0|x86
	EndGlobalSection
	GlobalSection(ProjectConfigurationPlatforms) = postSolution
		{C19EF7DF-2F9D-4D4C-965D-AD714DCBB323}.Debug|Any CPU.ActiveCfg = Debug|Any CPU
		{C19EF7DF-2F9D-4D4C-965D-AD714DCBB323}.Debug|Mixed Platforms.ActiveCfg = Debug|Any CPU
		{C19EF7DF-2F9D-4D4C-965D-AD714DCBB323}.Debug|x64.ActiveCfg = Debug|x64
		{C19EF7DF-2F9D-4D4C-965D-AD714DCBB323}.Debug|x64.Build.0 = Debug|x64
		{C19EF7DF-2F9D-4D4C-965D-AD714DCBB323}.Debug|x86.ActiveCfg = Debug|x86
		{C19EF7DF-2F9D-4D4C-965D-AD714DCBB323}.Debug|x86.Build.0 = Debug|x86
		{C19EF7DF-2F9D-4D4C-965D-AD714DCBB323}.Debug-4.0|Any CPU.ActiveCfg = Debug|Any CPU
		{C19EF7DF-2F9D-4D4C-965D-AD714DCBB323}.Debug-4.0|Any CPU.Build.0 = Debug|Any CPU
		{C19EF7DF-2F9D-4D4C-965D-AD714DCBB323}.Debug-4.0|Mixed Platforms.ActiveCfg = Debug-4.0|Any CPU
		{C19EF7DF-2F9D-4D4C-965D-AD714DCBB323}.Debug-4.0|Mixed Platforms.Build.0 = Debug-4.0|Any CPU
		{C19EF7DF-2F9D-4D4C-965D-AD714DCBB323}.Debug-4.0|x64.ActiveCfg = Debug-4.0|x64
		{C19EF7DF-2F9D-4D4C-965D-AD714DCBB323}.Debug-4.0|x64.Build.0 = Debug-4.0|x64
		{C19EF7DF-2F9D-4D4C-965D-AD714DCBB323}.Debug-4.0|x86.ActiveCfg = Debug-4.0|x86
		{C19EF7DF-2F9D-4D4C-965D-AD714DCBB323}.Debug-4.0|x86.Build.0 = Debug-4.0|x86
		{C19EF7DF-2F9D-4D4C-965D-AD714DCBB323}.Public-4.0|Any CPU.ActiveCfg = Public-4.0|Any CPU
		{C19EF7DF-2F9D-4D4C-965D-AD714DCBB323}.Public-4.0|Any CPU.Build.0 = Public-4.0|Any CPU
		{C19EF7DF-2F9D-4D4C-965D-AD714DCBB323}.Public-4.0|Mixed Platforms.ActiveCfg = Public-4.0|Any CPU
		{C19EF7DF-2F9D-4D4C-965D-AD714DCBB323}.Public-4.0|Mixed Platforms.Build.0 = Public-4.0|Any CPU
		{C19EF7DF-2F9D-4D4C-965D-AD714DCBB323}.Public-4.0|x64.ActiveCfg = Public-4.0|x64
		{C19EF7DF-2F9D-4D4C-965D-AD714DCBB323}.Public-4.0|x64.Build.0 = Public-4.0|x64
		{C19EF7DF-2F9D-4D4C-965D-AD714DCBB323}.Public-4.0|x86.ActiveCfg = Public-4.0|x86
		{C19EF7DF-2F9D-4D4C-965D-AD714DCBB323}.Public-4.0|x86.Build.0 = Public-4.0|x86
		{C19EF7DF-2F9D-4D4C-965D-AD714DCBB323}.Release|Any CPU.ActiveCfg = Debug|Any CPU
		{C19EF7DF-2F9D-4D4C-965D-AD714DCBB323}.Release|Any CPU.Build.0 = Debug|Any CPU
		{C19EF7DF-2F9D-4D4C-965D-AD714DCBB323}.Release|Mixed Platforms.ActiveCfg = Release|Any CPU
		{C19EF7DF-2F9D-4D4C-965D-AD714DCBB323}.Release|Mixed Platforms.Build.0 = Release|Any CPU
		{C19EF7DF-2F9D-4D4C-965D-AD714DCBB323}.Release|x64.ActiveCfg = Release|x64
		{C19EF7DF-2F9D-4D4C-965D-AD714DCBB323}.Release|x64.Build.0 = Release|x64
		{C19EF7DF-2F9D-4D4C-965D-AD714DCBB323}.Release|x86.ActiveCfg = Release|x86
		{C19EF7DF-2F9D-4D4C-965D-AD714DCBB323}.Release|x86.Build.0 = Release|x86
		{C19EF7DF-2F9D-4D4C-965D-AD714DCBB323}.Release-4.0|Any CPU.ActiveCfg = Release-4.0|Any CPU
		{C19EF7DF-2F9D-4D4C-965D-AD714DCBB323}.Release-4.0|Any CPU.Build.0 = Release-4.0|Any CPU
		{C19EF7DF-2F9D-4D4C-965D-AD714DCBB323}.Release-4.0|Mixed Platforms.ActiveCfg = Release-4.0|Any CPU
		{C19EF7DF-2F9D-4D4C-965D-AD714DCBB323}.Release-4.0|Mixed Platforms.Build.0 = Release-4.0|Any CPU
		{C19EF7DF-2F9D-4D4C-965D-AD714DCBB323}.Release-4.0|x64.ActiveCfg = Release-4.0|x64
		{C19EF7DF-2F9D-4D4C-965D-AD714DCBB323}.Release-4.0|x64.Build.0 = Release-4.0|x64
		{C19EF7DF-2F9D-4D4C-965D-AD714DCBB323}.Release-4.0|x86.ActiveCfg = Release-4.0|x86
		{C19EF7DF-2F9D-4D4C-965D-AD714DCBB323}.Release-4.0|x86.Build.0 = Release-4.0|x86
		{47E634ED-9233-4F61-A0E9-6A710EDE9E5E}.Debug|Any CPU.ActiveCfg = Debug|x86
		{47E634ED-9233-4F61-A0E9-6A710EDE9E5E}.Debug|Mixed Platforms.ActiveCfg = Debug|x86
		{47E634ED-9233-4F61-A0E9-6A710EDE9E5E}.Debug|x64.ActiveCfg = Debug|x86
		{47E634ED-9233-4F61-A0E9-6A710EDE9E5E}.Debug|x86.ActiveCfg = Debug|x86
		{47E634ED-9233-4F61-A0E9-6A710EDE9E5E}.Debug|x86.Build.0 = Debug|x86
		{47E634ED-9233-4F61-A0E9-6A710EDE9E5E}.Debug-4.0|Any CPU.ActiveCfg = Debug|x86
		{47E634ED-9233-4F61-A0E9-6A710EDE9E5E}.Debug-4.0|Any CPU.Build.0 = Debug|x86
		{47E634ED-9233-4F61-A0E9-6A710EDE9E5E}.Debug-4.0|Mixed Platforms.ActiveCfg = Debug|x86
		{47E634ED-9233-4F61-A0E9-6A710EDE9E5E}.Debug-4.0|Mixed Platforms.Build.0 = Debug|x86
		{47E634ED-9233-4F61-A0E9-6A710EDE9E5E}.Debug-4.0|x64.ActiveCfg = Debug|x86
		{47E634ED-9233-4F61-A0E9-6A710EDE9E5E}.Debug-4.0|x86.ActiveCfg = Debug|x86
		{47E634ED-9233-4F61-A0E9-6A710EDE9E5E}.Debug-4.0|x86.Build.0 = Debug|x86
		{47E634ED-9233-4F61-A0E9-6A710EDE9E5E}.Public-4.0|Any CPU.ActiveCfg = Release|x86
		{47E634ED-9233-4F61-A0E9-6A710EDE9E5E}.Public-4.0|Mixed Platforms.ActiveCfg = Release|x86
		{47E634ED-9233-4F61-A0E9-6A710EDE9E5E}.Public-4.0|Mixed Platforms.Build.0 = Release|x86
		{47E634ED-9233-4F61-A0E9-6A710EDE9E5E}.Public-4.0|x64.ActiveCfg = Release|x86
		{47E634ED-9233-4F61-A0E9-6A710EDE9E5E}.Public-4.0|x86.ActiveCfg = Release|x86
		{47E634ED-9233-4F61-A0E9-6A710EDE9E5E}.Public-4.0|x86.Build.0 = Release|x86
		{47E634ED-9233-4F61-A0E9-6A710EDE9E5E}.Release|Any CPU.ActiveCfg = Debug|x86
		{47E634ED-9233-4F61-A0E9-6A710EDE9E5E}.Release|Any CPU.Build.0 = Debug|x86
		{47E634ED-9233-4F61-A0E9-6A710EDE9E5E}.Release|Mixed Platforms.ActiveCfg = Release|x86
		{47E634ED-9233-4F61-A0E9-6A710EDE9E5E}.Release|Mixed Platforms.Build.0 = Release|x86
		{47E634ED-9233-4F61-A0E9-6A710EDE9E5E}.Release|x64.ActiveCfg = Release|x86
		{47E634ED-9233-4F61-A0E9-6A710EDE9E5E}.Release|x86.ActiveCfg = Release|x86
		{47E634ED-9233-4F61-A0E9-6A710EDE9E5E}.Release|x86.Build.0 = Release|x86
		{47E634ED-9233-4F61-A0E9-6A710EDE9E5E}.Release-4.0|Any CPU.ActiveCfg = Release|x86
		{47E634ED-9233-4F61-A0E9-6A710EDE9E5E}.Release-4.0|Mixed Platforms.ActiveCfg = Release|x86
		{47E634ED-9233-4F61-A0E9-6A710EDE9E5E}.Release-4.0|Mixed Platforms.Build.0 = Release|x86
		{47E634ED-9233-4F61-A0E9-6A710EDE9E5E}.Release-4.0|x64.ActiveCfg = Release|x86
		{47E634ED-9233-4F61-A0E9-6A710EDE9E5E}.Release-4.0|x86.ActiveCfg = Release|x86
		{47E634ED-9233-4F61-A0E9-6A710EDE9E5E}.Release-4.0|x86.Build.0 = Release|x86
		{BA863C34-E3C0-46FC-8A4D-B1D62491C980}.Debug|Any CPU.ActiveCfg = Debug|x86
		{BA863C34-E3C0-46FC-8A4D-B1D62491C980}.Debug|Any CPU.Build.0 = Debug|x86
		{BA863C34-E3C0-46FC-8A4D-B1D62491C980}.Debug|Mixed Platforms.ActiveCfg = Debug|x86
		{BA863C34-E3C0-46FC-8A4D-B1D62491C980}.Debug|Mixed Platforms.Build.0 = Debug|x86
		{BA863C34-E3C0-46FC-8A4D-B1D62491C980}.Debug|x64.ActiveCfg = Debug|x86
		{BA863C34-E3C0-46FC-8A4D-B1D62491C980}.Debug|x86.ActiveCfg = Debug|x86
		{BA863C34-E3C0-46FC-8A4D-B1D62491C980}.Debug|x86.Build.0 = Debug|x86
		{BA863C34-E3C0-46FC-8A4D-B1D62491C980}.Debug-4.0|Any CPU.ActiveCfg = Debug|x86
		{BA863C34-E3C0-46FC-8A4D-B1D62491C980}.Debug-4.0|Mixed Platforms.ActiveCfg = Debug|x86
		{BA863C34-E3C0-46FC-8A4D-B1D62491C980}.Debug-4.0|Mixed Platforms.Build.0 = Debug|x86
		{BA863C34-E3C0-46FC-8A4D-B1D62491C980}.Debug-4.0|x64.ActiveCfg = Debug|x86
		{BA863C34-E3C0-46FC-8A4D-B1D62491C980}.Debug-4.0|x86.ActiveCfg = Debug|x86
		{BA863C34-E3C0-46FC-8A4D-B1D62491C980}.Debug-4.0|x86.Build.0 = Debug|x86
		{BA863C34-E3C0-46FC-8A4D-B1D62491C980}.Public-4.0|Any CPU.ActiveCfg = Release|x86
		{BA863C34-E3C0-46FC-8A4D-B1D62491C980}.Public-4.0|Mixed Platforms.ActiveCfg = Release|x86
		{BA863C34-E3C0-46FC-8A4D-B1D62491C980}.Public-4.0|Mixed Platforms.Build.0 = Release|x86
		{BA863C34-E3C0-46FC-8A4D-B1D62491C980}.Public-4.0|x64.ActiveCfg = Release|x86
		{BA863C34-E3C0-46FC-8A4D-B1D62491C980}.Public-4.0|x86.ActiveCfg = Release|x86
		{BA863C34-E3C0-46FC-8A4D-B1D62491C980}.Public-4.0|x86.Build.0 = Release|x86
		{BA863C34-E3C0-46FC-8A4D-B1D62491C980}.Release|Any CPU.ActiveCfg = Release|x86
		{BA863C34-E3C0-46FC-8A4D-B1D62491C980}.Release|Mixed Platforms.ActiveCfg = Release|x86
		{BA863C34-E3C0-46FC-8A4D-B1D62491C980}.Release|Mixed Platforms.Build.0 = Release|x86
		{BA863C34-E3C0-46FC-8A4D-B1D62491C980}.Release|x64.ActiveCfg = Release|x86
		{BA863C34-E3C0-46FC-8A4D-B1D62491C980}.Release|x86.ActiveCfg = Release|x86
		{BA863C34-E3C0-46FC-8A4D-B1D62491C980}.Release|x86.Build.0 = Release|x86
		{BA863C34-E3C0-46FC-8A4D-B1D62491C980}.Release-4.0|Any CPU.ActiveCfg = Release|x86
		{BA863C34-E3C0-46FC-8A4D-B1D62491C980}.Release-4.0|Mixed Platforms.ActiveCfg = Release|x86
		{BA863C34-E3C0-46FC-8A4D-B1D62491C980}.Release-4.0|Mixed Platforms.Build.0 = Release|x86
		{BA863C34-E3C0-46FC-8A4D-B1D62491C980}.Release-4.0|x64.ActiveCfg = Release|x86
		{BA863C34-E3C0-46FC-8A4D-B1D62491C980}.Release-4.0|x86.ActiveCfg = Release|x86
		{BA863C34-E3C0-46FC-8A4D-B1D62491C980}.Release-4.0|x86.Build.0 = Release|x86
		{0C922FD7-35ED-4909-BDB8-27752CAE63DB}.Debug|Any CPU.ActiveCfg = Debug|Any CPU
		{0C922FD7-35ED-4909-BDB8-27752CAE63DB}.Debug|Any CPU.Build.0 = Debug|Any CPU
		{0C922FD7-35ED-4909-BDB8-27752CAE63DB}.Debug|Mixed Platforms.ActiveCfg = Debug|Any CPU
		{0C922FD7-35ED-4909-BDB8-27752CAE63DB}.Debug|x64.ActiveCfg = Debug|Any CPU
		{0C922FD7-35ED-4909-BDB8-27752CAE63DB}.Debug|x86.ActiveCfg = Debug|Any CPU
		{0C922FD7-35ED-4909-BDB8-27752CAE63DB}.Debug-4.0|Any CPU.ActiveCfg = Debug|Any CPU
		{0C922FD7-35ED-4909-BDB8-27752CAE63DB}.Debug-4.0|Any CPU.Build.0 = Debug|Any CPU
		{0C922FD7-35ED-4909-BDB8-27752CAE63DB}.Debug-4.0|Mixed Platforms.ActiveCfg = Debug|Any CPU
		{0C922FD7-35ED-4909-BDB8-27752CAE63DB}.Debug-4.0|Mixed Platforms.Build.0 = Debug|Any CPU
		{0C922FD7-35ED-4909-BDB8-27752CAE63DB}.Debug-4.0|x64.ActiveCfg = Debug|Any CPU
		{0C922FD7-35ED-4909-BDB8-27752CAE63DB}.Debug-4.0|x86.ActiveCfg = Debug|Any CPU
		{0C922FD7-35ED-4909-BDB8-27752CAE63DB}.Public-4.0|Any CPU.ActiveCfg = Release|Any CPU
		{0C922FD7-35ED-4909-BDB8-27752CAE63DB}.Public-4.0|Any CPU.Build.0 = Release|Any CPU
		{0C922FD7-35ED-4909-BDB8-27752CAE63DB}.Public-4.0|Mixed Platforms.ActiveCfg = Release|Any CPU
		{0C922FD7-35ED-4909-BDB8-27752CAE63DB}.Public-4.0|Mixed Platforms.Build.0 = Release|Any CPU
		{0C922FD7-35ED-4909-BDB8-27752CAE63DB}.Public-4.0|x64.ActiveCfg = Release|Any CPU
		{0C922FD7-35ED-4909-BDB8-27752CAE63DB}.Public-4.0|x86.ActiveCfg = Release|Any CPU
		{0C922FD7-35ED-4909-BDB8-27752CAE63DB}.Release|Any CPU.ActiveCfg = Release|Any CPU
		{0C922FD7-35ED-4909-BDB8-27752CAE63DB}.Release|Any CPU.Build.0 = Release|Any CPU
		{0C922FD7-35ED-4909-BDB8-27752CAE63DB}.Release|Mixed Platforms.ActiveCfg = Release|Any CPU
		{0C922FD7-35ED-4909-BDB8-27752CAE63DB}.Release|Mixed Platforms.Build.0 = Release|Any CPU
		{0C922FD7-35ED-4909-BDB8-27752CAE63DB}.Release|x64.ActiveCfg = Release|Any CPU
		{0C922FD7-35ED-4909-BDB8-27752CAE63DB}.Release|x86.ActiveCfg = Release|Any CPU
		{0C922FD7-35ED-4909-BDB8-27752CAE63DB}.Release-4.0|Any CPU.ActiveCfg = Release|Any CPU
		{0C922FD7-35ED-4909-BDB8-27752CAE63DB}.Release-4.0|Any CPU.Build.0 = Release|Any CPU
		{0C922FD7-35ED-4909-BDB8-27752CAE63DB}.Release-4.0|Mixed Platforms.ActiveCfg = Release|Any CPU
		{0C922FD7-35ED-4909-BDB8-27752CAE63DB}.Release-4.0|Mixed Platforms.Build.0 = Release|Any CPU
		{0C922FD7-35ED-4909-BDB8-27752CAE63DB}.Release-4.0|x64.ActiveCfg = Release|Any CPU
		{0C922FD7-35ED-4909-BDB8-27752CAE63DB}.Release-4.0|x86.ActiveCfg = Release|Any CPU
		{A588A823-1DD3-471D-AFA3-E06450206D86}.Debug|Any CPU.ActiveCfg = Debug|x86
		{A588A823-1DD3-471D-AFA3-E06450206D86}.Debug|Mixed Platforms.ActiveCfg = Debug|x86
		{A588A823-1DD3-471D-AFA3-E06450206D86}.Debug|x64.ActiveCfg = Debug|x86
		{A588A823-1DD3-471D-AFA3-E06450206D86}.Debug|x86.ActiveCfg = Debug|x86
		{A588A823-1DD3-471D-AFA3-E06450206D86}.Debug|x86.Build.0 = Debug|x86
		{A588A823-1DD3-471D-AFA3-E06450206D86}.Debug-4.0|Any CPU.ActiveCfg = Debug|x86
		{A588A823-1DD3-471D-AFA3-E06450206D86}.Debug-4.0|Mixed Platforms.ActiveCfg = Debug|x86
		{A588A823-1DD3-471D-AFA3-E06450206D86}.Debug-4.0|Mixed Platforms.Build.0 = Debug|x86
		{A588A823-1DD3-471D-AFA3-E06450206D86}.Debug-4.0|x64.ActiveCfg = Debug|x86
		{A588A823-1DD3-471D-AFA3-E06450206D86}.Debug-4.0|x86.ActiveCfg = Debug|x86
		{A588A823-1DD3-471D-AFA3-E06450206D86}.Debug-4.0|x86.Build.0 = Debug|x86
		{A588A823-1DD3-471D-AFA3-E06450206D86}.Public-4.0|Any CPU.ActiveCfg = Release|x86
		{A588A823-1DD3-471D-AFA3-E06450206D86}.Public-4.0|Mixed Platforms.ActiveCfg = Release|x86
		{A588A823-1DD3-471D-AFA3-E06450206D86}.Public-4.0|Mixed Platforms.Build.0 = Release|x86
		{A588A823-1DD3-471D-AFA3-E06450206D86}.Public-4.0|x64.ActiveCfg = Release|x86
		{A588A823-1DD3-471D-AFA3-E06450206D86}.Public-4.0|x86.ActiveCfg = Release|x86
		{A588A823-1DD3-471D-AFA3-E06450206D86}.Public-4.0|x86.Build.0 = Release|x86
		{A588A823-1DD3-471D-AFA3-E06450206D86}.Release|Any CPU.ActiveCfg = Release|x86
		{A588A823-1DD3-471D-AFA3-E06450206D86}.Release|Mixed Platforms.ActiveCfg = Release|x86
		{A588A823-1DD3-471D-AFA3-E06450206D86}.Release|Mixed Platforms.Build.0 = Release|x86
		{A588A823-1DD3-471D-AFA3-E06450206D86}.Release|x64.ActiveCfg = Release|x86
		{A588A823-1DD3-471D-AFA3-E06450206D86}.Release|x86.ActiveCfg = Release|x86
		{A588A823-1DD3-471D-AFA3-E06450206D86}.Release|x86.Build.0 = Release|x86
		{A588A823-1DD3-471D-AFA3-E06450206D86}.Release-4.0|Any CPU.ActiveCfg = Release|x86
		{A588A823-1DD3-471D-AFA3-E06450206D86}.Release-4.0|Mixed Platforms.ActiveCfg = Release|x86
		{A588A823-1DD3-471D-AFA3-E06450206D86}.Release-4.0|Mixed Platforms.Build.0 = Release|x86
		{A588A823-1DD3-471D-AFA3-E06450206D86}.Release-4.0|x64.ActiveCfg = Release|x86
		{A588A823-1DD3-471D-AFA3-E06450206D86}.Release-4.0|x86.ActiveCfg = Release|x86
		{A588A823-1DD3-471D-AFA3-E06450206D86}.Release-4.0|x86.Build.0 = Release|x86
		{BF43B5DB-AD03-470F-9E9F-51C598EDE1E6}.Debug|Any CPU.ActiveCfg = Debug|x86
		{BF43B5DB-AD03-470F-9E9F-51C598EDE1E6}.Debug|Mixed Platforms.ActiveCfg = Debug|x86
		{BF43B5DB-AD03-470F-9E9F-51C598EDE1E6}.Debug|Mixed Platforms.Build.0 = Debug|x86
		{BF43B5DB-AD03-470F-9E9F-51C598EDE1E6}.Debug|x64.ActiveCfg = Debug|x86
		{BF43B5DB-AD03-470F-9E9F-51C598EDE1E6}.Debug|x86.ActiveCfg = Debug|x86
		{BF43B5DB-AD03-470F-9E9F-51C598EDE1E6}.Debug|x86.Build.0 = Debug|x86
		{BF43B5DB-AD03-470F-9E9F-51C598EDE1E6}.Debug-4.0|Any CPU.ActiveCfg = Debug|x86
		{BF43B5DB-AD03-470F-9E9F-51C598EDE1E6}.Debug-4.0|Mixed Platforms.ActiveCfg = Debug|x86
		{BF43B5DB-AD03-470F-9E9F-51C598EDE1E6}.Debug-4.0|Mixed Platforms.Build.0 = Debug|x86
		{BF43B5DB-AD03-470F-9E9F-51C598EDE1E6}.Debug-4.0|x64.ActiveCfg = Debug|x86
		{BF43B5DB-AD03-470F-9E9F-51C598EDE1E6}.Debug-4.0|x86.ActiveCfg = Debug|x86
		{BF43B5DB-AD03-470F-9E9F-51C598EDE1E6}.Debug-4.0|x86.Build.0 = Debug|x86
		{BF43B5DB-AD03-470F-9E9F-51C598EDE1E6}.Public-4.0|Any CPU.ActiveCfg = Release|x86
		{BF43B5DB-AD03-470F-9E9F-51C598EDE1E6}.Public-4.0|Mixed Platforms.ActiveCfg = Release|x86
		{BF43B5DB-AD03-470F-9E9F-51C598EDE1E6}.Public-4.0|Mixed Platforms.Build.0 = Release|x86
		{BF43B5DB-AD03-470F-9E9F-51C598EDE1E6}.Public-4.0|x64.ActiveCfg = Release|x86
		{BF43B5DB-AD03-470F-9E9F-51C598EDE1E6}.Public-4.0|x86.ActiveCfg = Release|x86
		{BF43B5DB-AD03-470F-9E9F-51C598EDE1E6}.Public-4.0|x86.Build.0 = Release|x86
		{BF43B5DB-AD03-470F-9E9F-51C598EDE1E6}.Release|Any CPU.ActiveCfg = Release|x86
		{BF43B5DB-AD03-470F-9E9F-51C598EDE1E6}.Release|Mixed Platforms.ActiveCfg = Release|x86
		{BF43B5DB-AD03-470F-9E9F-51C598EDE1E6}.Release|Mixed Platforms.Build.0 = Release|x86
		{BF43B5DB-AD03-470F-9E9F-51C598EDE1E6}.Release|x64.ActiveCfg = Release|x86
		{BF43B5DB-AD03-470F-9E9F-51C598EDE1E6}.Release|x86.ActiveCfg = Release|x86
		{BF43B5DB-AD03-470F-9E9F-51C598EDE1E6}.Release|x86.Build.0 = Release|x86
		{BF43B5DB-AD03-470F-9E9F-51C598EDE1E6}.Release-4.0|Any CPU.ActiveCfg = Release|x86
		{BF43B5DB-AD03-470F-9E9F-51C598EDE1E6}.Release-4.0|Mixed Platforms.ActiveCfg = Release|x86
		{BF43B5DB-AD03-470F-9E9F-51C598EDE1E6}.Release-4.0|Mixed Platforms.Build.0 = Release|x86
		{BF43B5DB-AD03-470F-9E9F-51C598EDE1E6}.Release-4.0|x64.ActiveCfg = Release|x86
		{BF43B5DB-AD03-470F-9E9F-51C598EDE1E6}.Release-4.0|x86.ActiveCfg = Release|x86
		{BF43B5DB-AD03-470F-9E9F-51C598EDE1E6}.Release-4.0|x86.Build.0 = Release|x86
	EndGlobalSection
	GlobalSection(SolutionProperties) = preSolution
		HideSolutionNode = FALSE
	EndGlobalSection
EndGlobal
